
Microsoft Visual Studio Solution File, Format Version 12.00
# Visual Studio 14
VisualStudioVersion = 14.0.24720.0
MinimumVisualStudioVersion = 10.0.40219.1
Project("{FAE04EC0-301F-11D3-BF4B-00C04F79EFBC}") = "CtrlBusinessLib", "CtrlBusinessLib\CtrlBusinessLib.csproj", "{F378E9EF-2FD5-4022-9F23-404B1E076DA9}"
EndProject
Project("{FAE04EC0-301F-11D3-BF4B-00C04F79EFBC}") = "CtrlValidationLib", "CtrlValidationLib\CtrlValidationLib.csproj", "{635D3368-9815-45E2-AE12-F4C84DA22537}"
EndProject
Global
	GlobalSection(SolutionConfigurationPlatforms) = preSolution
		Debug|Any CPU = Debug|Any CPU
		Release|Any CPU = Release|Any CPU
	EndGlobalSection
	GlobalSection(ProjectConfigurationPlatforms) = postSolution
		{F378E9EF-2FD5-4022-9F23-404B1E076DA9}.Debug|Any CPU.ActiveCfg = Debug|Any CPU
		{F378E9EF-2FD5-4022-9F23-404B1E076DA9}.Debug|Any CPU.Build.0 = Debug|Any CPU
		{F378E9EF-2FD5-4022-9F23-404B1E076DA9}.Release|Any CPU.ActiveCfg = Release|Any CPU
		{F378E9EF-2FD5-4022-9F23-404B1E076DA9}.Release|Any CPU.Build.0 = Release|Any CPU
		{635D3368-9815-45E2-AE12-F4C84DA22537}.Debug|Any CPU.ActiveCfg = Debug|Any CPU
		{635D3368-9815-45E2-AE12-F4C84DA22537}.Debug|Any CPU.Build.0 = Debug|Any CPU
		{635D3368-9815-45E2-AE12-F4C84DA22537}.Release|Any CPU.ActiveCfg = Release|Any CPU
		{635D3368-9815-45E2-AE12-F4C84DA22537}.Release|Any CPU.Build.0 = Release|Any CPU
	EndGlobalSection
	GlobalSection(SolutionProperties) = preSolution
		HideSolutionNode = FALSE
	EndGlobalSection
EndGlobal
